
Microsoft Visual Studio Solution File, Format Version 12.00
# Visual Studio Version 16
VisualStudioVersion = 16.0.31515.178
MinimumVisualStudioVersion = 10.0.40219.1
Project("{FAE04EC0-301F-11D3-BF4B-00C04F79EFBC}") = "WebApi", "WebApi.csproj", "{ED19DA6B-9E3D-4D30-B428-E2BF2002D61A}"
EndProject
Global
	GlobalSection(SolutionConfigurationPlatforms) = preSolution
		Debug|Any CPU = Debug|Any CPU
		Release|Any CPU = Release|Any CPU
	EndGlobalSection
	GlobalSection(ProjectConfigurationPlatforms) = postSolution
		{ED19DA6B-9E3D-4D30-B428-E2BF2002D61A}.Debug|Any CPU.ActiveCfg = Debug|Any CPU
		{ED19DA6B-9E3D-4D30-B428-E2BF2002D61A}.Debug|Any CPU.Build.0 = Debug|Any CPU
		{ED19DA6B-9E3D-4D30-B428-E2BF2002D61A}.Release|Any CPU.ActiveCfg = Release|Any CPU
		{ED19DA6B-9E3D-4D30-B428-E2BF2002D61A}.Release|Any CPU.Build.0 = Release|Any CPU
	EndGlobalSection
	GlobalSection(SolutionProperties) = preSolution
		HideSolutionNode = FALSE
	EndGlobalSection
	GlobalSection(ExtensibilityGlobals) = postSolution
		SolutionGuid = {B9237234-D962-40E1-B45A-53930E7D0472}
	EndGlobalSection
EndGlobal
